{
  "pins" : [
    {
      "identity" : "wwprint",
      "kind" : "remoteSourceControl",
      "location" : "https://github.com/William-Weng/WWPrint",
      "state" : {
        "revision" : "0acf1057863faea81c3ded2057c21b09c3435435",
        "version" : "1.3.0"
      }
    },
    {
      "identity" : "wwtypewriterlabel",
      "kind" : "remoteSourceControl",
      "location" : "https://github.com/William-Weng/WWTypewriterLabel",
      "state" : {
        "branch" : "main",
        "revision" : "d6ed2fa37e35f12658b18006d13f6ce132386746"
      }
    }
  ],
  "version" : 2
}
